
Microsoft Visual Studio Solution File, Format Version 11.00
# Visual Studio 2010
Project("{FAE04EC0-301F-11D3-BF4B-00C04F79EFBC}") = "001-Login", "001-Login\001-Login.csproj", "{8D768CFF-3E01-4C7D-8D78-030943922FB5}"
EndProject
Project("{FAE04EC0-301F-11D3-BF4B-00C04F79EFBC}") = "002-Login", "002-Login\002-Login.csproj", "{932047F8-1CBA-475D-95EA-25C7B086A3CF}"
EndProject
Global
	GlobalSection(SolutionConfigurationPlatforms) = preSolution
		Debug|Any CPU = Debug|Any CPU
		Release|Any CPU = Release|Any CPU
	EndGlobalSection
	GlobalSection(ProjectConfigurationPlatforms) = postSolution
		{8D768CFF-3E01-4C7D-8D78-030943922FB5}.Debug|Any CPU.ActiveCfg = Debug|Any CPU
		{8D768CFF-3E01-4C7D-8D78-030943922FB5}.Debug|Any CPU.Build.0 = Debug|Any CPU
		{8D768CFF-3E01-4C7D-8D78-030943922FB5}.Release|Any CPU.ActiveCfg = Release|Any CPU
		{8D768CFF-3E01-4C7D-8D78-030943922FB5}.Release|Any CPU.Build.0 = Release|Any CPU
		{932047F8-1CBA-475D-95EA-25C7B086A3CF}.Debug|Any CPU.ActiveCfg = Debug|Any CPU
		{932047F8-1CBA-475D-95EA-25C7B086A3CF}.Debug|Any CPU.Build.0 = Debug|Any CPU
		{932047F8-1CBA-475D-95EA-25C7B086A3CF}.Release|Any CPU.ActiveCfg = Release|Any CPU
		{932047F8-1CBA-475D-95EA-25C7B086A3CF}.Release|Any CPU.Build.0 = Release|Any CPU
	EndGlobalSection
	GlobalSection(SolutionProperties) = preSolution
		HideSolutionNode = FALSE
	EndGlobalSection
EndGlobal
