
Microsoft Visual Studio Solution File, Format Version 11.00
# Visual Studio 2010
Project("{FAE04EC0-301F-11D3-BF4B-00C04F79EFBC}") = "001-Trace", "001-Trace\001-Trace.csproj", "{99E22D00-695F-460C-8E29-D9C31C7D1C13}"
EndProject
Project("{FAE04EC0-301F-11D3-BF4B-00C04F79EFBC}") = "002-WebConfig", "002-WebConfig\002-WebConfig.csproj", "{DE6AB7B6-628E-43E2-ABD3-1A5E8A86E83F}"
EndProject
Global
	GlobalSection(SolutionConfigurationPlatforms) = preSolution
		Debug|Any CPU = Debug|Any CPU
		Release|Any CPU = Release|Any CPU
	EndGlobalSection
	GlobalSection(ProjectConfigurationPlatforms) = postSolution
		{99E22D00-695F-460C-8E29-D9C31C7D1C13}.Debug|Any CPU.ActiveCfg = Debug|Any CPU
		{99E22D00-695F-460C-8E29-D9C31C7D1C13}.Debug|Any CPU.Build.0 = Debug|Any CPU
		{99E22D00-695F-460C-8E29-D9C31C7D1C13}.Release|Any CPU.ActiveCfg = Release|Any CPU
		{99E22D00-695F-460C-8E29-D9C31C7D1C13}.Release|Any CPU.Build.0 = Release|Any CPU
		{DE6AB7B6-628E-43E2-ABD3-1A5E8A86E83F}.Debug|Any CPU.ActiveCfg = Debug|Any CPU
		{DE6AB7B6-628E-43E2-ABD3-1A5E8A86E83F}.Debug|Any CPU.Build.0 = Debug|Any CPU
		{DE6AB7B6-628E-43E2-ABD3-1A5E8A86E83F}.Release|Any CPU.ActiveCfg = Release|Any CPU
		{DE6AB7B6-628E-43E2-ABD3-1A5E8A86E83F}.Release|Any CPU.Build.0 = Release|Any CPU
	EndGlobalSection
	GlobalSection(SolutionProperties) = preSolution
		HideSolutionNode = FALSE
	EndGlobalSection
EndGlobal
