
Microsoft Visual Studio Solution File, Format Version 11.00
# Visual Studio 2010
Project("{FAE04EC0-301F-11D3-BF4B-00C04F79EFBC}") = "001-Application", "001-Application\001-Application.csproj", "{00D9119E-3063-4AE9-AC72-7A879677BC99}"
EndProject
Project("{FAE04EC0-301F-11D3-BF4B-00C04F79EFBC}") = "002-Session", "002-Session\002-Session.csproj", "{CA7B1934-ABE8-4584-B8CF-9E37CED6F118}"
EndProject
Project("{FAE04EC0-301F-11D3-BF4B-00C04F79EFBC}") = "003-View", "003-View\003-View.csproj", "{E1BEFF26-C22B-4B23-890F-1863CED56890}"
EndProject
Global
	GlobalSection(SolutionConfigurationPlatforms) = preSolution
		Debug|Any CPU = Debug|Any CPU
		Release|Any CPU = Release|Any CPU
	EndGlobalSection
	GlobalSection(ProjectConfigurationPlatforms) = postSolution
		{00D9119E-3063-4AE9-AC72-7A879677BC99}.Debug|Any CPU.ActiveCfg = Debug|Any CPU
		{00D9119E-3063-4AE9-AC72-7A879677BC99}.Debug|Any CPU.Build.0 = Debug|Any CPU
		{00D9119E-3063-4AE9-AC72-7A879677BC99}.Release|Any CPU.ActiveCfg = Release|Any CPU
		{00D9119E-3063-4AE9-AC72-7A879677BC99}.Release|Any CPU.Build.0 = Release|Any CPU
		{CA7B1934-ABE8-4584-B8CF-9E37CED6F118}.Debug|Any CPU.ActiveCfg = Debug|Any CPU
		{CA7B1934-ABE8-4584-B8CF-9E37CED6F118}.Debug|Any CPU.Build.0 = Debug|Any CPU
		{CA7B1934-ABE8-4584-B8CF-9E37CED6F118}.Release|Any CPU.ActiveCfg = Release|Any CPU
		{CA7B1934-ABE8-4584-B8CF-9E37CED6F118}.Release|Any CPU.Build.0 = Release|Any CPU
		{E1BEFF26-C22B-4B23-890F-1863CED56890}.Debug|Any CPU.ActiveCfg = Debug|Any CPU
		{E1BEFF26-C22B-4B23-890F-1863CED56890}.Debug|Any CPU.Build.0 = Debug|Any CPU
		{E1BEFF26-C22B-4B23-890F-1863CED56890}.Release|Any CPU.ActiveCfg = Release|Any CPU
		{E1BEFF26-C22B-4B23-890F-1863CED56890}.Release|Any CPU.Build.0 = Release|Any CPU
	EndGlobalSection
	GlobalSection(SolutionProperties) = preSolution
		HideSolutionNode = FALSE
	EndGlobalSection
EndGlobal
